# THIS IS AN AUTOGENERATED FILE. DO NOT EDIT THIS FILE DIRECTLY.
# yarn lockfile v1


esprima@^4.0.1:
  version "4.0.1"
  resolved "https://registry.yarnpkg.com/esprima/-/esprima-4.0.1.tgz#13b04cdb3e6c5d19df91ab6987a8695619b0aa71"

vscode-jsonrpc@^3.6.2:
  version "3.6.2"
  resolved "https://registry.yarnpkg.com/vscode-jsonrpc/-/vscode-jsonrpc-3.6.2.tgz#3b5eef691159a15556ecc500e9a8a0dd143470c8"

vscode-languageserver-protocol@^3.10.3:
  version "3.12.0"
  resolved "https://registry.yarnpkg.com/vscode-languageserver-protocol/-/vscode-languageserver-protocol-3.12.0.tgz#5b23501292abad88f0463b01e83ff98e64a37652"
  dependencies:
    vscode-jsonrpc "^3.6.2"
    vscode-languageserver-types "^3.12.0"

vscode-languageserver-types@^3.12.0:
  version "3.12.0"
  resolved "https://registry.yarnpkg.com/vscode-languageserver-types/-/vscode-languageserver-types-3.12.0.tgz#f96051381b6a050b7175b37d6cb5d2f2eb64b944"

vscode-languageserver@^5.0.3:
  version "5.0.3"
  resolved "https://registry.yarnpkg.com/vscode-languageserver/-/vscode-languageserver-5.0.3.tgz#29a4655348868223d9b3b6e385a50e77c6f4992e"
  dependencies:
    vscode-languageserver-protocol "^3.10.3"
    vscode-uri "^1.0.5"

vscode-uri@^1.0.5:
  version "1.0.6"
  resolved "https://registry.yarnpkg.com/vscode-uri/-/vscode-uri-1.0.6.tgz#6b8f141b0bbc44ad7b07e94f82f168ac7608ad4d"
